Microsoft Visual Studio Solution File, Format Version 12.00
# Visual Studio Version 16
VisualStudioVersion = 16.0.30406.217
MinimumVisualStudioVersion = 15.0.26124.0
Project("{2150E333-8FDC-42A3-9474-1A3956D46DE8}") = "src", "src", "{0237CC10-AE50-448F-B72B-9A921AB2A4B6}"
EndProject
Project("{9A19103F-16F7-4668-BE54-9A1E7A4F7556}") = "Core", "src\Core\Core.csproj", "{8367D4D3-04D3-4200-9387-087E613B3D81}"
EndProject
Project("{2150E333-8FDC-42A3-9474-1A3956D46DE8}") = "test", "test", "{DCC32A2D-CE34-41B6-84FD-A2931EA4C76D}"
EndProject
Project("{9A19103F-16F7-4668-BE54-9A1E7A4F7556}") = "Test.Unit.Core", "test\Test.Unit.Core\Test.Unit.Core.csproj", "{457406AD-0EF6-4A17-A99E-DA9CC6F91B9F}"
EndProject
Project("{9A19103F-16F7-4668-BE54-9A1E7A4F7556}") = "Infrastructure.Server", "src\Infrastructure.Server\Infrastructure.Server.csproj", "{EDBE1F3E-C57A-46EA-A632-FB8ED8C44AAE}"
EndProject
Project("{9A19103F-16F7-4668-BE54-9A1E7A4F7556}") = "Test.Unit.Infrastructure.Server", "test\Test.Unit.Infrastructure.Server\Test.Unit.Infrastructure.Server.csproj", "{1DB5281C-CDB6-4E90-9140-F5F2C22BE3C4}"
EndProject
Project("{9A19103F-16F7-4668-BE54-9A1E7A4F7556}") = "Infrastructure.WebApi", "src\Infrastructure.WebApi\Infrastructure.WebApi.csproj", "{54855C22-B622-4993-8512-EBD433490248}"
EndProject
Project("{9A19103F-16F7-4668-BE54-9A1E7A4F7556}") = "Test.Unit.Infrastructure.WebApi", "test\Test.Unit.Infrastructure.WebApi\Test.Unit.Infrastructure.WebApi.csproj", "{0F0DD3AC-3183-4B07-AAFA-E883149ECCB6}"
EndProject
Project("{9A19103F-16F7-4668-BE54-9A1E7A4F7556}") = "Infrastructure.FileStorage.Aws.S3", "src\Infrastructure.FileStorage.Aws.S3\Infrastructure.FileStorage.Aws.S3.csproj", "{771B8BDE-36EA-470F-80DE-1AE37A2E2445}"
EndProject
Project("{9A19103F-16F7-4668-BE54-9A1E7A4F7556}") = "Infrastructure.Ecommerce.Shopify", "src\Infrastructure.Ecommerce.Shopify\Infrastructure.Ecommerce.Shopify.csproj", "{38A88B5C-EFDA-4099-B747-8C2B0DE1CA13}"
EndProject
Project("{9A19103F-16F7-4668-BE54-9A1E7A4F7556}") = "Infrastructure.File.Conversion", "src\Infrastructure.File.Conversion\Infrastructure.File.Conversion.csproj", "{F7E2AAB1-357B-4E4D-A107-96B3F20D9CB5}"
EndProject
Project("{9A19103F-16F7-4668-BE54-9A1E7A4F7556}") = "Infrastructure.Data.DynamoDb", "src\Infrastructure.Data.DynamoDb\Infrastructure.Data.DynamoDb.csproj", "{A72CC16E-9059-4AF4-B7C2-66E560713080}"
EndProject
Project("{9A19103F-16F7-4668-BE54-9A1E7A4F7556}") = "Infrastructure.Notification.ConstantContact", "src\Infrastructure.Notification.ConstantContact\Infrastructure.Notification.ConstantContact.csproj", "{0A6182F8-19B3-441D-BA95-334586ECB50A}"
EndProject
Project("{9A19103F-16F7-4668-BE54-9A1E7A4F7556}") = "Infrastructure.Utility", "src\Infrastructure.Utility\Infrastructure.Utility.csproj", "{35FA145B-4396-4914-9FC9-0F9D5B071CEE}"
EndProject
Global
	GlobalSection(SolutionConfigurationPlatforms) = preSolution
		Debug|Any CPU = Debug|Any CPU
		Debug|x64 = Debug|x64
		Debug|x86 = Debug|x86
		Release|Any CPU = Release|Any CPU
		Release|x64 = Release|x64
		Release|x86 = Release|x86
	EndGlobalSection
	GlobalSection(ProjectConfigurationPlatforms) = postSolution
		{8367D4D3-04D3-4200-9387-087E613B3D81}.Debug|Any CPU.ActiveCfg = Debug|Any CPU
		{8367D4D3-04D3-4200-9387-087E613B3D81}.Debug|Any CPU.Build.0 = Debug|Any CPU
		{8367D4D3-04D3-4200-9387-087E613B3D81}.Debug|x64.ActiveCfg = Debug|x64
		{8367D4D3-04D3-4200-9387-087E613B3D81}.Debug|x64.Build.0 = Debug|x64
		{8367D4D3-04D3-4200-9387-087E613B3D81}.Debug|x86.ActiveCfg = Debug|x86
		{8367D4D3-04D3-4200-9387-087E613B3D81}.Debug|x86.Build.0 = Debug|x86
		{8367D4D3-04D3-4200-9387-087E613B3D81}.Release|Any CPU.ActiveCfg = Release|Any CPU
		{8367D4D3-04D3-4200-9387-087E613B3D81}.Release|Any CPU.Build.0 = Release|Any CPU
		{8367D4D3-04D3-4200-9387-087E613B3D81}.Release|x64.ActiveCfg = Release|x64
		{8367D4D3-04D3-4200-9387-087E613B3D81}.Release|x64.Build.0 = Release|x64
		{8367D4D3-04D3-4200-9387-087E613B3D81}.Release|x86.ActiveCfg = Release|x86
		{8367D4D3-04D3-4200-9387-087E613B3D81}.Release|x86.Build.0 = Release|x86
		{457406AD-0EF6-4A17-A99E-DA9CC6F91B9F}.Debug|Any CPU.ActiveCfg = Debug|Any CPU
		{457406AD-0EF6-4A17-A99E-DA9CC6F91B9F}.Debug|Any CPU.Build.0 = Debug|Any CPU
		{457406AD-0EF6-4A17-A99E-DA9CC6F91B9F}.Debug|x64.ActiveCfg = Debug|x64
		{457406AD-0EF6-4A17-A99E-DA9CC6F91B9F}.Debug|x64.Build.0 = Debug|x64
		{457406AD-0EF6-4A17-A99E-DA9CC6F91B9F}.Debug|x86.ActiveCfg = Debug|x86
		{457406AD-0EF6-4A17-A99E-DA9CC6F91B9F}.Debug|x86.Build.0 = Debug|x86
		{457406AD-0EF6-4A17-A99E-DA9CC6F91B9F}.Release|Any CPU.ActiveCfg = Release|Any CPU
		{457406AD-0EF6-4A17-A99E-DA9CC6F91B9F}.Release|Any CPU.Build.0 = Release|Any CPU
		{457406AD-0EF6-4A17-A99E-DA9CC6F91B9F}.Release|x64.ActiveCfg = Release|x64
		{457406AD-0EF6-4A17-A99E-DA9CC6F91B9F}.Release|x64.Build.0 = Release|x64
		{457406AD-0EF6-4A17-A99E-DA9CC6F91B9F}.Release|x86.ActiveCfg = Release|x86
		{457406AD-0EF6-4A17-A99E-DA9CC6F91B9F}.Release|x86.Build.0 = Release|x86
		{EDBE1F3E-C57A-46EA-A632-FB8ED8C44AAE}.Debug|Any CPU.ActiveCfg = Debug|Any CPU
		{EDBE1F3E-C57A-46EA-A632-FB8ED8C44AAE}.Debug|Any CPU.Build.0 = Debug|Any CPU
		{EDBE1F3E-C57A-46EA-A632-FB8ED8C44AAE}.Debug|x64.ActiveCfg = Debug|x64
		{EDBE1F3E-C57A-46EA-A632-FB8ED8C44AAE}.Debug|x64.Build.0 = Debug|x64
		{EDBE1F3E-C57A-46EA-A632-FB8ED8C44AAE}.Debug|x86.ActiveCfg = Debug|x86
		{EDBE1F3E-C57A-46EA-A632-FB8ED8C44AAE}.Debug|x86.Build.0 = Debug|x86
		{EDBE1F3E-C57A-46EA-A632-FB8ED8C44AAE}.Release|Any CPU.ActiveCfg = Release|Any CPU
		{EDBE1F3E-C57A-46EA-A632-FB8ED8C44AAE}.Release|Any CPU.Build.0 = Release|Any CPU
		{EDBE1F3E-C57A-46EA-A632-FB8ED8C44AAE}.Release|x64.ActiveCfg = Release|x64
		{EDBE1F3E-C57A-46EA-A632-FB8ED8C44AAE}.Release|x64.Build.0 = Release|x64
		{EDBE1F3E-C57A-46EA-A632-FB8ED8C44AAE}.Release|x86.ActiveCfg = Release|x86
		{EDBE1F3E-C57A-46EA-A632-FB8ED8C44AAE}.Release|x86.Build.0 = Release|x86
		{1DB5281C-CDB6-4E90-9140-F5F2C22BE3C4}.Debug|Any CPU.ActiveCfg = Debug|Any CPU
		{1DB5281C-CDB6-4E90-9140-F5F2C22BE3C4}.Debug|Any CPU.Build.0 = Debug|Any CPU
		{1DB5281C-CDB6-4E90-9140-F5F2C22BE3C4}.Debug|x64.ActiveCfg = Debug|x64
		{1DB5281C-CDB6-4E90-9140-F5F2C22BE3C4}.Debug|x64.Build.0 = Debug|x64
		{1DB5281C-CDB6-4E90-9140-F5F2C22BE3C4}.Debug|x86.ActiveCfg = Debug|x86
		{1DB5281C-CDB6-4E90-9140-F5F2C22BE3C4}.Debug|x86.Build.0 = Debug|x86
		{1DB5281C-CDB6-4E90-9140-F5F2C22BE3C4}.Release|Any CPU.ActiveCfg = Release|Any CPU
		{1DB5281C-CDB6-4E90-9140-F5F2C22BE3C4}.Release|Any CPU.Build.0 = Release|Any CPU
		{1DB5281C-CDB6-4E90-9140-F5F2C22BE3C4}.Release|x64.ActiveCfg = Release|x64
		{1DB5281C-CDB6-4E90-9140-F5F2C22BE3C4}.Release|x64.Build.0 = Release|x64
		{1DB5281C-CDB6-4E90-9140-F5F2C22BE3C4}.Release|x86.ActiveCfg = Release|x86
		{1DB5281C-CDB6-4E90-9140-F5F2C22BE3C4}.Release|x86.Build.0 = Release|x86
		{54855C22-B622-4993-8512-EBD433490248}.Debug|Any CPU.ActiveCfg = Debug|Any CPU
		{54855C22-B622-4993-8512-EBD433490248}.Debug|Any CPU.Build.0 = Debug|Any CPU
		{54855C22-B622-4993-8512-EBD433490248}.Debug|x64.ActiveCfg = Debug|x64
		{54855C22-B622-4993-8512-EBD433490248}.Debug|x64.Build.0 = Debug|x64
		{54855C22-B622-4993-8512-EBD433490248}.Debug|x86.ActiveCfg = Debug|x86
		{54855C22-B622-4993-8512-EBD433490248}.Debug|x86.Build.0 = Debug|x86
		{54855C22-B622-4993-8512-EBD433490248}.Release|Any CPU.ActiveCfg = Release|Any CPU
		{54855C22-B622-4993-8512-EBD433490248}.Release|Any CPU.Build.0 = Release|Any CPU
		{54855C22-B622-4993-8512-EBD433490248}.Release|x64.ActiveCfg = Release|x64
		{54855C22-B622-4993-8512-EBD433490248}.Release|x64.Build.0 = Release|x64
		{54855C22-B622-4993-8512-EBD433490248}.Release|x86.ActiveCfg = Release|x86
		{54855C22-B622-4993-8512-EBD433490248}.Release|x86.Build.0 = Release|x86
		{0F0DD3AC-3183-4B07-AAFA-E883149ECCB6}.Debug|Any CPU.ActiveCfg = Debug|Any CPU
		{0F0DD3AC-3183-4B07-AAFA-E883149ECCB6}.Debug|Any CPU.Build.0 = Debug|Any CPU
		{0F0DD3AC-3183-4B07-AAFA-E883149ECCB6}.Debug|x64.ActiveCfg = Debug|x64
		{0F0DD3AC-3183-4B07-AAFA-E883149ECCB6}.Debug|x64.Build.0 = Debug|x64
		{0F0DD3AC-3183-4B07-AAFA-E883149ECCB6}.Debug|x86.ActiveCfg = Debug|x86
		{0F0DD3AC-3183-4B07-AAFA-E883149ECCB6}.Debug|x86.Build.0 = Debug|x86
		{0F0DD3AC-3183-4B07-AAFA-E883149ECCB6}.Release|Any CPU.ActiveCfg = Release|Any CPU
		{0F0DD3AC-3183-4B07-AAFA-E883149ECCB6}.Release|Any CPU.Build.0 = Release|Any CPU
		{0F0DD3AC-3183-4B07-AAFA-E883149ECCB6}.Release|x64.ActiveCfg = Release|x64
		{0F0DD3AC-3183-4B07-AAFA-E883149ECCB6}.Release|x64.Build.0 = Release|x64
		{0F0DD3AC-3183-4B07-AAFA-E883149ECCB6}.Release|x86.ActiveCfg = Release|x86
		{0F0DD3AC-3183-4B07-AAFA-E883149ECCB6}.Release|x86.Build.0 = Release|x86
		{771B8BDE-36EA-470F-80DE-1AE37A2E2445}.Debug|Any CPU.ActiveCfg = Debug|Any CPU
		{771B8BDE-36EA-470F-80DE-1AE37A2E2445}.Debug|Any CPU.Build.0 = Debug|Any CPU
		{771B8BDE-36EA-470F-80DE-1AE37A2E2445}.Debug|x64.ActiveCfg = Debug|Any CPU
		{771B8BDE-36EA-470F-80DE-1AE37A2E2445}.Debug|x64.Build.0 = Debug|Any CPU
		{771B8BDE-36EA-470F-80DE-1AE37A2E2445}.Debug|x86.ActiveCfg = Debug|Any CPU
		{771B8BDE-36EA-470F-80DE-1AE37A2E2445}.Debug|x86.Build.0 = Debug|Any CPU
		{771B8BDE-36EA-470F-80DE-1AE37A2E2445}.Release|Any CPU.ActiveCfg = Release|Any CPU
		{771B8BDE-36EA-470F-80DE-1AE37A2E2445}.Release|Any CPU.Build.0 = Release|Any CPU
		{771B8BDE-36EA-470F-80DE-1AE37A2E2445}.Release|x64.ActiveCfg = Release|Any CPU
		{771B8BDE-36EA-470F-80DE-1AE37A2E2445}.Release|x64.Build.0 = Release|Any CPU
		{771B8BDE-36EA-470F-80DE-1AE37A2E2445}.Release|x86.ActiveCfg = Release|Any CPU
		{771B8BDE-36EA-470F-80DE-1AE37A2E2445}.Release|x86.Build.0 = Release|Any CPU
		{38A88B5C-EFDA-4099-B747-8C2B0DE1CA13}.Debug|Any CPU.ActiveCfg = Debug|Any CPU
		{38A88B5C-EFDA-4099-B747-8C2B0DE1CA13}.Debug|Any CPU.Build.0 = Debug|Any CPU
		{38A88B5C-EFDA-4099-B747-8C2B0DE1CA13}.Debug|x64.ActiveCfg = Debug|Any CPU
		{38A88B5C-EFDA-4099-B747-8C2B0DE1CA13}.Debug|x64.Build.0 = Debug|Any CPU
		{38A88B5C-EFDA-4099-B747-8C2B0DE1CA13}.Debug|x86.ActiveCfg = Debug|Any CPU
		{38A88B5C-EFDA-4099-B747-8C2B0DE1CA13}.Debug|x86.Build.0 = Debug|Any CPU
		{38A88B5C-EFDA-4099-B747-8C2B0DE1CA13}.Release|Any CPU.ActiveCfg = Release|Any CPU
		{38A88B5C-EFDA-4099-B747-8C2B0DE1CA13}.Release|Any CPU.Build.0 = Release|Any CPU
		{38A88B5C-EFDA-4099-B747-8C2B0DE1CA13}.Release|x64.ActiveCfg = Release|Any CPU
		{38A88B5C-EFDA-4099-B747-8C2B0DE1CA13}.Release|x64.Build.0 = Release|Any CPU
		{38A88B5C-EFDA-4099-B747-8C2B0DE1CA13}.Release|x86.ActiveCfg = Release|Any CPU
		{38A88B5C-EFDA-4099-B747-8C2B0DE1CA13}.Release|x86.Build.0 = Release|Any CPU
		{F7E2AAB1-357B-4E4D-A107-96B3F20D9CB5}.Debug|Any CPU.ActiveCfg = Debug|Any CPU
		{F7E2AAB1-357B-4E4D-A107-96B3F20D9CB5}.Debug|Any CPU.Build.0 = Debug|Any CPU
		{F7E2AAB1-357B-4E4D-A107-96B3F20D9CB5}.Debug|x64.ActiveCfg = Debug|Any CPU
		{F7E2AAB1-357B-4E4D-A107-96B3F20D9CB5}.Debug|x64.Build.0 = Debug|Any CPU
		{F7E2AAB1-357B-4E4D-A107-96B3F20D9CB5}.Debug|x86.ActiveCfg = Debug|Any CPU
		{F7E2AAB1-357B-4E4D-A107-96B3F20D9CB5}.Debug|x86.Build.0 = Debug|Any CPU
		{F7E2AAB1-357B-4E4D-A107-96B3F20D9CB5}.Release|Any CPU.ActiveCfg = Release|Any CPU
		{F7E2AAB1-357B-4E4D-A107-96B3F20D9CB5}.Release|Any CPU.Build.0 = Release|Any CPU
		{F7E2AAB1-357B-4E4D-A107-96B3F20D9CB5}.Release|x64.ActiveCfg = Release|Any CPU
		{F7E2AAB1-357B-4E4D-A107-96B3F20D9CB5}.Release|x64.Build.0 = Release|Any CPU
		{F7E2AAB1-357B-4E4D-A107-96B3F20D9CB5}.Release|x86.ActiveCfg = Release|Any CPU
		{F7E2AAB1-357B-4E4D-A107-96B3F20D9CB5}.Release|x86.Build.0 = Release|Any CPU
		{A72CC16E-9059-4AF4-B7C2-66E560713080}.Debug|Any CPU.ActiveCfg = Debug|Any CPU
		{A72CC16E-9059-4AF4-B7C2-66E560713080}.Debug|Any CPU.Build.0 = Debug|Any CPU
		{A72CC16E-9059-4AF4-B7C2-66E560713080}.Debug|x64.ActiveCfg = Debug|Any CPU
		{A72CC16E-9059-4AF4-B7C2-66E560713080}.Debug|x64.Build.0 = Debug|Any CPU
		{A72CC16E-9059-4AF4-B7C2-66E560713080}.Debug|x86.ActiveCfg = Debug|Any CPU
		{A72CC16E-9059-4AF4-B7C2-66E560713080}.Debug|x86.Build.0 = Debug|Any CPU
		{A72CC16E-9059-4AF4-B7C2-66E560713080}.Release|Any CPU.ActiveCfg = Release|Any CPU
		{A72CC16E-9059-4AF4-B7C2-66E560713080}.Release|Any CPU.Build.0 = Release|Any CPU
		{A72CC16E-9059-4AF4-B7C2-66E560713080}.Release|x64.ActiveCfg = Release|Any CPU
		{A72CC16E-9059-4AF4-B7C2-66E560713080}.Release|x64.Build.0 = Release|Any CPU
		{A72CC16E-9059-4AF4-B7C2-66E560713080}.Release|x86.ActiveCfg = Release|Any CPU
		{A72CC16E-9059-4AF4-B7C2-66E560713080}.Release|x86.Build.0 = Release|Any CPU
		{0A6182F8-19B3-441D-BA95-334586ECB50A}.Debug|Any CPU.ActiveCfg = Debug|Any CPU
		{0A6182F8-19B3-441D-BA95-334586ECB50A}.Debug|Any CPU.Build.0 = Debug|Any CPU
		{0A6182F8-19B3-441D-BA95-334586ECB50A}.Debug|x64.ActiveCfg = Debug|Any CPU
		{0A6182F8-19B3-441D-BA95-334586ECB50A}.Debug|x64.Build.0 = Debug|Any CPU
		{0A6182F8-19B3-441D-BA95-334586ECB50A}.Debug|x86.ActiveCfg = Debug|Any CPU
		{0A6182F8-19B3-441D-BA95-334586ECB50A}.Debug|x86.Build.0 = Debug|Any CPU
		{0A6182F8-19B3-441D-BA95-334586ECB50A}.Release|Any CPU.ActiveCfg = Release|Any CPU
		{0A6182F8-19B3-441D-BA95-334586ECB50A}.Release|Any CPU.Build.0 = Release|Any CPU
		{0A6182F8-19B3-441D-BA95-334586ECB50A}.Release|x64.ActiveCfg = Release|Any CPU
		{0A6182F8-19B3-441D-BA95-334586ECB50A}.Release|x64.Build.0 = Release|Any CPU
		{0A6182F8-19B3-441D-BA95-334586ECB50A}.Release|x86.ActiveCfg = Release|Any CPU
		{0A6182F8-19B3-441D-BA95-334586ECB50A}.Release|x86.Build.0 = Release|Any CPU
		{35FA145B-4396-4914-9FC9-0F9D5B071CEE}.Debug|Any CPU.ActiveCfg = Debug|Any CPU
		{35FA145B-4396-4914-9FC9-0F9D5B071CEE}.Debug|Any CPU.Build.0 = Debug|Any CPU
		{35FA145B-4396-4914-9FC9-0F9D5B071CEE}.Debug|x64.ActiveCfg = Debug|Any CPU
		{35FA145B-4396-4914-9FC9-0F9D5B071CEE}.Debug|x64.Build.0 = Debug|Any CPU
		{35FA145B-4396-4914-9FC9-0F9D5B071CEE}.Debug|x86.ActiveCfg = Debug|Any CPU
		{35FA145B-4396-4914-9FC9-0F9D5B071CEE}.Debug|x86.Build.0 = Debug|Any CPU
		{35FA145B-4396-4914-9FC9-0F9D5B071CEE}.Release|Any CPU.ActiveCfg = Release|Any CPU
		{35FA145B-4396-4914-9FC9-0F9D5B071CEE}.Release|Any CPU.Build.0 = Release|Any CPU
		{35FA145B-4396-4914-9FC9-0F9D5B071CEE}.Release|x64.ActiveCfg = Release|Any CPU
		{35FA145B-4396-4914-9FC9-0F9D5B071CEE}.Release|x64.Build.0 = Release|Any CPU
		{35FA145B-4396-4914-9FC9-0F9D5B071CEE}.Release|x86.ActiveCfg = Release|Any CPU
		{35FA145B-4396-4914-9FC9-0F9D5B071CEE}.Release|x86.Build.0 = Release|Any CPU
	EndGlobalSection
	GlobalSection(SolutionProperties) = preSolution
		HideSolutionNode = FALSE
	EndGlobalSection
	GlobalSection(NestedProjects) = preSolution
		{8367D4D3-04D3-4200-9387-087E613B3D81} = {0237CC10-AE50-448F-B72B-9A921AB2A4B6}
		{457406AD-0EF6-4A17-A99E-DA9CC6F91B9F} = {DCC32A2D-CE34-41B6-84FD-A2931EA4C76D}
		{EDBE1F3E-C57A-46EA-A632-FB8ED8C44AAE} = {0237CC10-AE50-448F-B72B-9A921AB2A4B6}
		{1DB5281C-CDB6-4E90-9140-F5F2C22BE3C4} = {DCC32A2D-CE34-41B6-84FD-A2931EA4C76D}
		{54855C22-B622-4993-8512-EBD433490248} = {0237CC10-AE50-448F-B72B-9A921AB2A4B6}
		{0F0DD3AC-3183-4B07-AAFA-E883149ECCB6} = {DCC32A2D-CE34-41B6-84FD-A2931EA4C76D}
		{771B8BDE-36EA-470F-80DE-1AE37A2E2445} = {0237CC10-AE50-448F-B72B-9A921AB2A4B6}
		{38A88B5C-EFDA-4099-B747-8C2B0DE1CA13} = {0237CC10-AE50-448F-B72B-9A921AB2A4B6}
		{F7E2AAB1-357B-4E4D-A107-96B3F20D9CB5} = {0237CC10-AE50-448F-B72B-9A921AB2A4B6}
		{A72CC16E-9059-4AF4-B7C2-66E560713080} = {0237CC10-AE50-448F-B72B-9A921AB2A4B6}
		{0A6182F8-19B3-441D-BA95-334586ECB50A} = {0237CC10-AE50-448F-B72B-9A921AB2A4B6}
		{35FA145B-4396-4914-9FC9-0F9D5B071CEE} = {0237CC10-AE50-448F-B72B-9A921AB2A4B6}
	EndGlobalSection
	GlobalSection(ExtensibilityGlobals) = postSolution
		SolutionGuid = {2E0CDF74-4A37-4A55-A690-F6951350E79E}
	EndGlobalSection
EndGlobal
